
Microsoft Visual Studio Solution File, Format Version 12.00
# Visual Studio 15
VisualStudioVersion = 15.0.28307.1401
MinimumVisualStudioVersion = 10.0.40219.1
Project("{FAE04EC0-301F-11D3-BF4B-00C04F79EFBC}") = "Smart Shop", "Smart Shop\Smart Shop.csproj", "{00DC0249-6D34-48D4-9961-9A15EFACDAB5}"
EndProject
Project("{FAE04EC0-301F-11D3-BF4B-00C04F79EFBC}") = "ConnectDb", "ConnectDb\ConnectDb.csproj", "{CAD6BDF2-84B1-4CF3-8E36-E4C76F1AE5A1}"
EndProject
Project("{FAE04EC0-301F-11D3-BF4B-00C04F79EFBC}") = "Com", "Com\Com.csproj", "{DC20BA12-EEA4-4C1D-A87C-28AB99AEC5D1}"
EndProject
Global
	GlobalSection(SolutionConfigurationPlatforms) = preSolution
		Debug|Any CPU = Debug|Any CPU
		Release|Any CPU = Release|Any CPU
	EndGlobalSection
	GlobalSection(ProjectConfigurationPlatforms) = postSolution
		{00DC0249-6D34-48D4-9961-9A15EFACDAB5}.Debug|Any CPU.ActiveCfg = Debug|Any CPU
		{00DC0249-6D34-48D4-9961-9A15EFACDAB5}.Debug|Any CPU.Build.0 = Debug|Any CPU
		{00DC0249-6D34-48D4-9961-9A15EFACDAB5}.Release|Any CPU.ActiveCfg = Release|Any CPU
		{00DC0249-6D34-48D4-9961-9A15EFACDAB5}.Release|Any CPU.Build.0 = Release|Any CPU
		{CAD6BDF2-84B1-4CF3-8E36-E4C76F1AE5A1}.Debug|Any CPU.ActiveCfg = Debug|Any CPU
		{CAD6BDF2-84B1-4CF3-8E36-E4C76F1AE5A1}.Debug|Any CPU.Build.0 = Debug|Any CPU
		{CAD6BDF2-84B1-4CF3-8E36-E4C76F1AE5A1}.Release|Any CPU.ActiveCfg = Release|Any CPU
		{CAD6BDF2-84B1-4CF3-8E36-E4C76F1AE5A1}.Release|Any CPU.Build.0 = Release|Any CPU
		{DC20BA12-EEA4-4C1D-A87C-28AB99AEC5D1}.Debug|Any CPU.ActiveCfg = Debug|Any CPU
		{DC20BA12-EEA4-4C1D-A87C-28AB99AEC5D1}.Debug|Any CPU.Build.0 = Debug|Any CPU
		{DC20BA12-EEA4-4C1D-A87C-28AB99AEC5D1}.Release|Any CPU.ActiveCfg = Release|Any CPU
		{DC20BA12-EEA4-4C1D-A87C-28AB99AEC5D1}.Release|Any CPU.Build.0 = Release|Any CPU
	EndGlobalSection
	GlobalSection(SolutionProperties) = preSolution
		HideSolutionNode = FALSE
	EndGlobalSection
	GlobalSection(ExtensibilityGlobals) = postSolution
		SolutionGuid = {7B07F18A-2B47-4E5C-86C4-B931BB816780}
	EndGlobalSection
EndGlobal
